
Microsoft Visual Studio Solution File, Format Version 12.00
# Visual Studio Version 17
VisualStudioVersion = 17.5.002.0
MinimumVisualStudioVersion = 10.0.40219.1
Project("{9A19103F-16F7-4668-BE54-9A1E7A4F7556}") = "PlatformService", "PlatformService.csproj", "{727A1370-0248-4FA1-BF2C-169AC971D2D4}"
EndProject
Global
	GlobalSection(SolutionConfigurationPlatforms) = preSolution
		Debug|Any CPU = Debug|Any CPU
		Release|Any CPU = Release|Any CPU
	EndGlobalSection
	GlobalSection(ProjectConfigurationPlatforms) = postSolution
		{727A1370-0248-4FA1-BF2C-169AC971D2D4}.Debug|Any CPU.ActiveCfg = Debug|Any CPU
		{727A1370-0248-4FA1-BF2C-169AC971D2D4}.Debug|Any CPU.Build.0 = Debug|Any CPU
		{727A1370-0248-4FA1-BF2C-169AC971D2D4}.Release|Any CPU.ActiveCfg = Release|Any CPU
		{727A1370-0248-4FA1-BF2C-169AC971D2D4}.Release|Any CPU.Build.0 = Release|Any CPU
	EndGlobalSection
	GlobalSection(SolutionProperties) = preSolution
		HideSolutionNode = FALSE
	EndGlobalSection
	GlobalSection(ExtensibilityGlobals) = postSolution
		SolutionGuid = {D067C7C8-F2BE-4091-827B-E01D7A6D654A}
	EndGlobalSection
EndGlobal
